
Microsoft Visual Studio Solution File, Format Version 11.00
# Visual Studio 2010
Project("{FAE04EC0-301F-11D3-BF4B-00C04F79EFBC}") = "WWSSE_008", "WWSSE_008\WWSSE_008.csproj", "{2836BBE8-1CA2-4D57-8C96-229371335878}"
EndProject
Global
	GlobalSection(SolutionConfigurationPlatforms) = preSolution
		Debug|x86 = Debug|x86
		Release|x86 = Release|x86
	EndGlobalSection
	GlobalSection(ProjectConfigurationPlatforms) = postSolution
		{2836BBE8-1CA2-4D57-8C96-229371335878}.Debug|x86.ActiveCfg = Debug|x86
		{2836BBE8-1CA2-4D57-8C96-229371335878}.Debug|x86.Build.0 = Debug|x86
		{2836BBE8-1CA2-4D57-8C96-229371335878}.Release|x86.ActiveCfg = Release|x86
		{2836BBE8-1CA2-4D57-8C96-229371335878}.Release|x86.Build.0 = Release|x86
	EndGlobalSection
	GlobalSection(SolutionProperties) = preSolution
		HideSolutionNode = FALSE
	EndGlobalSection
EndGlobal
