
Microsoft Visual Studio Solution File, Format Version 11.00
# Visual Studio 2010
Project("{FAE04EC0-301F-11D3-BF4B-00C04F79EFBC}") = "ConsoleApplication4", "ConsoleApplication4\ConsoleApplication4.csproj", "{DBF56D4F-B074-49AA-A80C-2C4F71E9F649}"
EndProject
Global
	GlobalSection(SolutionConfigurationPlatforms) = preSolution
		Debug|x86 = Debug|x86
		Release|x86 = Release|x86
	EndGlobalSection
	GlobalSection(ProjectConfigurationPlatforms) = postSolution
		{DBF56D4F-B074-49AA-A80C-2C4F71E9F649}.Debug|x86.ActiveCfg = Debug|x86
		{DBF56D4F-B074-49AA-A80C-2C4F71E9F649}.Debug|x86.Build.0 = Debug|x86
		{DBF56D4F-B074-49AA-A80C-2C4F71E9F649}.Release|x86.ActiveCfg = Release|x86
		{DBF56D4F-B074-49AA-A80C-2C4F71E9F649}.Release|x86.Build.0 = Release|x86
	EndGlobalSection
	GlobalSection(SolutionProperties) = preSolution
		HideSolutionNode = FALSE
	EndGlobalSection
EndGlobal
