
Microsoft Visual Studio Solution File, Format Version 11.00
# Visual Studio 2010
Project("{FAE04EC0-301F-11D3-BF4B-00C04F79EFBC}") = "WWSSE_009", "WWSSE_009\WWSSE_009.csproj", "{1FCBAA0E-70B5-4218-BCA0-0A3729BE175C}"
EndProject
Global
	GlobalSection(SolutionConfigurationPlatforms) = preSolution
		Debug|x86 = Debug|x86
		Release|x86 = Release|x86
	EndGlobalSection
	GlobalSection(ProjectConfigurationPlatforms) = postSolution
		{1FCBAA0E-70B5-4218-BCA0-0A3729BE175C}.Debug|x86.ActiveCfg = Debug|x86
		{1FCBAA0E-70B5-4218-BCA0-0A3729BE175C}.Debug|x86.Build.0 = Debug|x86
		{1FCBAA0E-70B5-4218-BCA0-0A3729BE175C}.Release|x86.ActiveCfg = Release|x86
		{1FCBAA0E-70B5-4218-BCA0-0A3729BE175C}.Release|x86.Build.0 = Release|x86
	EndGlobalSection
	GlobalSection(SolutionProperties) = preSolution
		HideSolutionNode = FALSE
	EndGlobalSection
EndGlobal
