
Microsoft Visual Studio Solution File, Format Version 12.00
# Visual Studio 15
VisualStudioVersion = 15.0.28307.271
MinimumVisualStudioVersion = 10.0.40219.1
Project("{FAE04EC0-301F-11D3-BF4B-00C04F79EFBC}") = "Zadanie 1", "Zadanie 1\Zadanie 1.csproj", "{1EC2DFFD-434F-4305-B60C-FFA7540E5314}"
EndProject
Project("{FAE04EC0-301F-11D3-BF4B-00C04F79EFBC}") = "zadanie 2", "zadanie 2\zadanie 2.csproj", "{8A3C4CD3-6796-4F38-98B4-24F7595FB94A}"
EndProject
Project("{FAE04EC0-301F-11D3-BF4B-00C04F79EFBC}") = "Zadanie 3", "Zadanie 3\Zadanie 3.csproj", "{2994CAA8-A630-46AC-BB84-1CF5BB6F64F0}"
EndProject
Project("{FAE04EC0-301F-11D3-BF4B-00C04F79EFBC}") = "Zadanie 4", "Zadanie 4\Zadanie 4.csproj", "{F313DE5B-8810-420E-B878-ED8D2D08E1F3}"
EndProject
Project("{FAE04EC0-301F-11D3-BF4B-00C04F79EFBC}") = "zadanie 5", "zadanie 5\zadanie 5.csproj", "{8A0F97A7-8033-49AC-A6E1-CEBC5257859A}"
EndProject
Project("{FAE04EC0-301F-11D3-BF4B-00C04F79EFBC}") = "zadanie 6", "zadanie 6\zadanie 6.csproj", "{0B23060D-4343-4E25-8B77-2629B710084C}"
EndProject
Project("{FAE04EC0-301F-11D3-BF4B-00C04F79EFBC}") = "zadanie 7", "zadanie 7\zadanie 7.csproj", "{BB5EB1FC-3D4D-4CEB-AC78-411A73B5C053}"
EndProject
Project("{FAE04EC0-301F-11D3-BF4B-00C04F79EFBC}") = "zadanie 10", "zadanie 10\zadanie 10.csproj", "{2ADF7715-B033-431F-8533-F43F4947D180}"
EndProject
Project("{FAE04EC0-301F-11D3-BF4B-00C04F79EFBC}") = "zadanie 11", "zadanie 11\zadanie 11.csproj", "{38F9D58A-B709-4A6F-9132-0499F043FECC}"
EndProject
Project("{FAE04EC0-301F-11D3-BF4B-00C04F79EFBC}") = "zadanie 12", "zadanie 12\zadanie 12.csproj", "{43C79BEF-26EF-47DF-B75E-570A1D657CF9}"
EndProject
Project("{FAE04EC0-301F-11D3-BF4B-00C04F79EFBC}") = "zadanie 13", "zadanie 13\zadanie 13.csproj", "{7E2A1201-8FD1-419E-9C96-7D9F58F02D48}"
EndProject
Project("{FAE04EC0-301F-11D3-BF4B-00C04F79EFBC}") = "zadanie 14", "zadanie 14\zadanie 14.csproj", "{7BB11D0E-09D8-4806-9F40-4A5DB0D7199A}"
EndProject
Project("{FAE04EC0-301F-11D3-BF4B-00C04F79EFBC}") = "zadanie 9", "zadanie 9\zadanie 9.csproj", "{8E55F3B6-11F8-46F5-A716-A873A5DCD4E8}"
EndProject
Project("{FAE04EC0-301F-11D3-BF4B-00C04F79EFBC}") = "Zadanie 8", "Zadanie 8\Zadanie 8.csproj", "{4CCC5687-8B15-4BC9-94F5-4126A1BEE5B4}"
EndProject
Project("{FAE04EC0-301F-11D3-BF4B-00C04F79EFBC}") = "Zadanie 15", "Zadanie 15\Zadanie 15.csproj", "{5302A6AF-5330-4B8F-966C-D9DC1638E915}"
EndProject
Project("{FAE04EC0-301F-11D3-BF4B-00C04F79EFBC}") = "NWD", "NWD\NWD.csproj", "{DBDC23E5-FA12-45B9-BDAE-834FD0F78C51}"
EndProject
Project("{FAE04EC0-301F-11D3-BF4B-00C04F79EFBC}") = "WWSSENWD", "WWSSENWD\WWSSENWD.csproj", "{F7C9D0F2-9E1E-4F04-9AC8-A98C9C4F247E}"
EndProject
Project("{FAE04EC0-301F-11D3-BF4B-00C04F79EFBC}") = "WWSSECount", "WWSSECount\WWSSECount.csproj", "{6833B69E-67F1-42DF-AAF4-D4E00E6C05E6}"
EndProject
Project("{FAE04EC0-301F-11D3-BF4B-00C04F79EFBC}") = "WWSSESort", "WWSSESort\WWSSESort.csproj", "{91977614-CFD3-4C5C-99FD-6B6FDD7DB6D5}"
EndProject
Project("{FAE04EC0-301F-11D3-BF4B-00C04F79EFBC}") = "WWSSETail", "WWSSETail\WWSSETail.csproj", "{3AB2A5F6-6A3A-49CE-A8E8-5A0C78E9916E}"
EndProject
Project("{FAE04EC0-301F-11D3-BF4B-00C04F79EFBC}") = "WWSSENWW", "WWSSENWW\WWSSENWW.csproj", "{9E821567-59E7-41DB-A91A-9155E2D765FA}"
EndProject
Project("{FAE04EC0-301F-11D3-BF4B-00C04F79EFBC}") = "WWSSESort_List", "WWSSESort_List\WWSSESort_List.csproj", "{9A36FC0F-1071-477C-99B7-E137D5DF8801}"
EndProject
Project("{FAE04EC0-301F-11D3-BF4B-00C04F79EFBC}") = "WWSSEHead1", "WWSSEHead1\WWSSEHead1.csproj", "{528C8492-61BF-40A2-B890-EA2EBEF9CF6E}"
EndProject
Global
	GlobalSection(SolutionConfigurationPlatforms) = preSolution
		Debug|Any CPU = Debug|Any CPU
		Debug|x86 = Debug|x86
		Release|Any CPU = Release|Any CPU
		Release|x86 = Release|x86
	EndGlobalSection
	GlobalSection(ProjectConfigurationPlatforms) = postSolution
		{1EC2DFFD-434F-4305-B60C-FFA7540E5314}.Debug|Any CPU.ActiveCfg = Debug|x86
		{1EC2DFFD-434F-4305-B60C-FFA7540E5314}.Debug|x86.ActiveCfg = Debug|x86
		{1EC2DFFD-434F-4305-B60C-FFA7540E5314}.Debug|x86.Build.0 = Debug|x86
		{1EC2DFFD-434F-4305-B60C-FFA7540E5314}.Release|Any CPU.ActiveCfg = Release|x86
		{1EC2DFFD-434F-4305-B60C-FFA7540E5314}.Release|x86.ActiveCfg = Release|x86
		{1EC2DFFD-434F-4305-B60C-FFA7540E5314}.Release|x86.Build.0 = Release|x86
		{8A3C4CD3-6796-4F38-98B4-24F7595FB94A}.Debug|Any CPU.ActiveCfg = Debug|x86
		{8A3C4CD3-6796-4F38-98B4-24F7595FB94A}.Debug|x86.ActiveCfg = Debug|x86
		{8A3C4CD3-6796-4F38-98B4-24F7595FB94A}.Debug|x86.Build.0 = Debug|x86
		{8A3C4CD3-6796-4F38-98B4-24F7595FB94A}.Release|Any CPU.ActiveCfg = Release|x86
		{8A3C4CD3-6796-4F38-98B4-24F7595FB94A}.Release|x86.ActiveCfg = Release|x86
		{8A3C4CD3-6796-4F38-98B4-24F7595FB94A}.Release|x86.Build.0 = Release|x86
		{2994CAA8-A630-46AC-BB84-1CF5BB6F64F0}.Debug|Any CPU.ActiveCfg = Debug|x86
		{2994CAA8-A630-46AC-BB84-1CF5BB6F64F0}.Debug|x86.ActiveCfg = Debug|x86
		{2994CAA8-A630-46AC-BB84-1CF5BB6F64F0}.Debug|x86.Build.0 = Debug|x86
		{2994CAA8-A630-46AC-BB84-1CF5BB6F64F0}.Release|Any CPU.ActiveCfg = Release|x86
		{2994CAA8-A630-46AC-BB84-1CF5BB6F64F0}.Release|x86.ActiveCfg = Release|x86
		{2994CAA8-A630-46AC-BB84-1CF5BB6F64F0}.Release|x86.Build.0 = Release|x86
		{F313DE5B-8810-420E-B878-ED8D2D08E1F3}.Debug|Any CPU.ActiveCfg = Debug|x86
		{F313DE5B-8810-420E-B878-ED8D2D08E1F3}.Debug|x86.ActiveCfg = Debug|x86
		{F313DE5B-8810-420E-B878-ED8D2D08E1F3}.Debug|x86.Build.0 = Debug|x86
		{F313DE5B-8810-420E-B878-ED8D2D08E1F3}.Release|Any CPU.ActiveCfg = Release|x86
		{F313DE5B-8810-420E-B878-ED8D2D08E1F3}.Release|x86.ActiveCfg = Release|x86
		{F313DE5B-8810-420E-B878-ED8D2D08E1F3}.Release|x86.Build.0 = Release|x86
		{8A0F97A7-8033-49AC-A6E1-CEBC5257859A}.Debug|Any CPU.ActiveCfg = Debug|x86
		{8A0F97A7-8033-49AC-A6E1-CEBC5257859A}.Debug|x86.ActiveCfg = Debug|x86
		{8A0F97A7-8033-49AC-A6E1-CEBC5257859A}.Debug|x86.Build.0 = Debug|x86
		{8A0F97A7-8033-49AC-A6E1-CEBC5257859A}.Release|Any CPU.ActiveCfg = Release|x86
		{8A0F97A7-8033-49AC-A6E1-CEBC5257859A}.Release|x86.ActiveCfg = Release|x86
		{8A0F97A7-8033-49AC-A6E1-CEBC5257859A}.Release|x86.Build.0 = Release|x86
		{0B23060D-4343-4E25-8B77-2629B710084C}.Debug|Any CPU.ActiveCfg = Debug|x86
		{0B23060D-4343-4E25-8B77-2629B710084C}.Debug|x86.ActiveCfg = Debug|x86
		{0B23060D-4343-4E25-8B77-2629B710084C}.Debug|x86.Build.0 = Debug|x86
		{0B23060D-4343-4E25-8B77-2629B710084C}.Release|Any CPU.ActiveCfg = Release|x86
		{0B23060D-4343-4E25-8B77-2629B710084C}.Release|x86.ActiveCfg = Release|x86
		{0B23060D-4343-4E25-8B77-2629B710084C}.Release|x86.Build.0 = Release|x86
		{BB5EB1FC-3D4D-4CEB-AC78-411A73B5C053}.Debug|Any CPU.ActiveCfg = Debug|x86
		{BB5EB1FC-3D4D-4CEB-AC78-411A73B5C053}.Debug|x86.ActiveCfg = Debug|x86
		{BB5EB1FC-3D4D-4CEB-AC78-411A73B5C053}.Debug|x86.Build.0 = Debug|x86
		{BB5EB1FC-3D4D-4CEB-AC78-411A73B5C053}.Release|Any CPU.ActiveCfg = Release|x86
		{BB5EB1FC-3D4D-4CEB-AC78-411A73B5C053}.Release|x86.ActiveCfg = Release|x86
		{BB5EB1FC-3D4D-4CEB-AC78-411A73B5C053}.Release|x86.Build.0 = Release|x86
		{2ADF7715-B033-431F-8533-F43F4947D180}.Debug|Any CPU.ActiveCfg = Debug|x86
		{2ADF7715-B033-431F-8533-F43F4947D180}.Debug|x86.ActiveCfg = Debug|x86
		{2ADF7715-B033-431F-8533-F43F4947D180}.Debug|x86.Build.0 = Debug|x86
		{2ADF7715-B033-431F-8533-F43F4947D180}.Release|Any CPU.ActiveCfg = Release|x86
		{2ADF7715-B033-431F-8533-F43F4947D180}.Release|x86.ActiveCfg = Release|x86
		{2ADF7715-B033-431F-8533-F43F4947D180}.Release|x86.Build.0 = Release|x86
		{38F9D58A-B709-4A6F-9132-0499F043FECC}.Debug|Any CPU.ActiveCfg = Debug|x86
		{38F9D58A-B709-4A6F-9132-0499F043FECC}.Debug|x86.ActiveCfg = Debug|x86
		{38F9D58A-B709-4A6F-9132-0499F043FECC}.Debug|x86.Build.0 = Debug|x86
		{38F9D58A-B709-4A6F-9132-0499F043FECC}.Release|Any CPU.ActiveCfg = Release|x86
		{38F9D58A-B709-4A6F-9132-0499F043FECC}.Release|x86.ActiveCfg = Release|x86
		{38F9D58A-B709-4A6F-9132-0499F043FECC}.Release|x86.Build.0 = Release|x86
		{43C79BEF-26EF-47DF-B75E-570A1D657CF9}.Debug|Any CPU.ActiveCfg = Debug|x86
		{43C79BEF-26EF-47DF-B75E-570A1D657CF9}.Debug|x86.ActiveCfg = Debug|x86
		{43C79BEF-26EF-47DF-B75E-570A1D657CF9}.Debug|x86.Build.0 = Debug|x86
		{43C79BEF-26EF-47DF-B75E-570A1D657CF9}.Release|Any CPU.ActiveCfg = Release|x86
		{43C79BEF-26EF-47DF-B75E-570A1D657CF9}.Release|x86.ActiveCfg = Release|x86
		{43C79BEF-26EF-47DF-B75E-570A1D657CF9}.Release|x86.Build.0 = Release|x86
		{7E2A1201-8FD1-419E-9C96-7D9F58F02D48}.Debug|Any CPU.ActiveCfg = Debug|x86
		{7E2A1201-8FD1-419E-9C96-7D9F58F02D48}.Debug|x86.ActiveCfg = Debug|x86
		{7E2A1201-8FD1-419E-9C96-7D9F58F02D48}.Debug|x86.Build.0 = Debug|x86
		{7E2A1201-8FD1-419E-9C96-7D9F58F02D48}.Release|Any CPU.ActiveCfg = Release|x86
		{7E2A1201-8FD1-419E-9C96-7D9F58F02D48}.Release|x86.ActiveCfg = Release|x86
		{7E2A1201-8FD1-419E-9C96-7D9F58F02D48}.Release|x86.Build.0 = Release|x86
		{7BB11D0E-09D8-4806-9F40-4A5DB0D7199A}.Debug|Any CPU.ActiveCfg = Debug|x86
		{7BB11D0E-09D8-4806-9F40-4A5DB0D7199A}.Debug|x86.ActiveCfg = Debug|x86
		{7BB11D0E-09D8-4806-9F40-4A5DB0D7199A}.Debug|x86.Build.0 = Debug|x86
		{7BB11D0E-09D8-4806-9F40-4A5DB0D7199A}.Release|Any CPU.ActiveCfg = Release|x86
		{7BB11D0E-09D8-4806-9F40-4A5DB0D7199A}.Release|x86.ActiveCfg = Release|x86
		{7BB11D0E-09D8-4806-9F40-4A5DB0D7199A}.Release|x86.Build.0 = Release|x86
		{8E55F3B6-11F8-46F5-A716-A873A5DCD4E8}.Debug|Any CPU.ActiveCfg = Debug|x86
		{8E55F3B6-11F8-46F5-A716-A873A5DCD4E8}.Debug|x86.ActiveCfg = Debug|x86
		{8E55F3B6-11F8-46F5-A716-A873A5DCD4E8}.Debug|x86.Build.0 = Debug|x86
		{8E55F3B6-11F8-46F5-A716-A873A5DCD4E8}.Release|Any CPU.ActiveCfg = Release|x86
		{8E55F3B6-11F8-46F5-A716-A873A5DCD4E8}.Release|x86.ActiveCfg = Release|x86
		{8E55F3B6-11F8-46F5-A716-A873A5DCD4E8}.Release|x86.Build.0 = Release|x86
		{4CCC5687-8B15-4BC9-94F5-4126A1BEE5B4}.Debug|Any CPU.ActiveCfg = Debug|x86
		{4CCC5687-8B15-4BC9-94F5-4126A1BEE5B4}.Debug|x86.ActiveCfg = Debug|x86
		{4CCC5687-8B15-4BC9-94F5-4126A1BEE5B4}.Debug|x86.Build.0 = Debug|x86
		{4CCC5687-8B15-4BC9-94F5-4126A1BEE5B4}.Release|Any CPU.ActiveCfg = Release|x86
		{4CCC5687-8B15-4BC9-94F5-4126A1BEE5B4}.Release|x86.ActiveCfg = Release|x86
		{4CCC5687-8B15-4BC9-94F5-4126A1BEE5B4}.Release|x86.Build.0 = Release|x86
		{5302A6AF-5330-4B8F-966C-D9DC1638E915}.Debug|Any CPU.ActiveCfg = Debug|x86
		{5302A6AF-5330-4B8F-966C-D9DC1638E915}.Debug|x86.ActiveCfg = Debug|x86
		{5302A6AF-5330-4B8F-966C-D9DC1638E915}.Debug|x86.Build.0 = Debug|x86
		{5302A6AF-5330-4B8F-966C-D9DC1638E915}.Release|Any CPU.ActiveCfg = Release|x86
		{5302A6AF-5330-4B8F-966C-D9DC1638E915}.Release|x86.ActiveCfg = Release|x86
		{5302A6AF-5330-4B8F-966C-D9DC1638E915}.Release|x86.Build.0 = Release|x86
		{DBDC23E5-FA12-45B9-BDAE-834FD0F78C51}.Debug|Any CPU.ActiveCfg = Debug|x86
		{DBDC23E5-FA12-45B9-BDAE-834FD0F78C51}.Debug|x86.ActiveCfg = Debug|x86
		{DBDC23E5-FA12-45B9-BDAE-834FD0F78C51}.Debug|x86.Build.0 = Debug|x86
		{DBDC23E5-FA12-45B9-BDAE-834FD0F78C51}.Release|Any CPU.ActiveCfg = Release|x86
		{DBDC23E5-FA12-45B9-BDAE-834FD0F78C51}.Release|x86.ActiveCfg = Release|x86
		{DBDC23E5-FA12-45B9-BDAE-834FD0F78C51}.Release|x86.Build.0 = Release|x86
		{F7C9D0F2-9E1E-4F04-9AC8-A98C9C4F247E}.Debug|Any CPU.ActiveCfg = Debug|x86
		{F7C9D0F2-9E1E-4F04-9AC8-A98C9C4F247E}.Debug|x86.ActiveCfg = Debug|x86
		{F7C9D0F2-9E1E-4F04-9AC8-A98C9C4F247E}.Debug|x86.Build.0 = Debug|x86
		{F7C9D0F2-9E1E-4F04-9AC8-A98C9C4F247E}.Release|Any CPU.ActiveCfg = Release|x86
		{F7C9D0F2-9E1E-4F04-9AC8-A98C9C4F247E}.Release|x86.ActiveCfg = Release|x86
		{F7C9D0F2-9E1E-4F04-9AC8-A98C9C4F247E}.Release|x86.Build.0 = Release|x86
		{6833B69E-67F1-42DF-AAF4-D4E00E6C05E6}.Debug|Any CPU.ActiveCfg = Debug|x86
		{6833B69E-67F1-42DF-AAF4-D4E00E6C05E6}.Debug|x86.ActiveCfg = Debug|x86
		{6833B69E-67F1-42DF-AAF4-D4E00E6C05E6}.Debug|x86.Build.0 = Debug|x86
		{6833B69E-67F1-42DF-AAF4-D4E00E6C05E6}.Release|Any CPU.ActiveCfg = Release|x86
		{6833B69E-67F1-42DF-AAF4-D4E00E6C05E6}.Release|x86.ActiveCfg = Release|x86
		{6833B69E-67F1-42DF-AAF4-D4E00E6C05E6}.Release|x86.Build.0 = Release|x86
		{91977614-CFD3-4C5C-99FD-6B6FDD7DB6D5}.Debug|Any CPU.ActiveCfg = Debug|x86
		{91977614-CFD3-4C5C-99FD-6B6FDD7DB6D5}.Debug|x86.ActiveCfg = Debug|x86
		{91977614-CFD3-4C5C-99FD-6B6FDD7DB6D5}.Debug|x86.Build.0 = Debug|x86
		{91977614-CFD3-4C5C-99FD-6B6FDD7DB6D5}.Release|Any CPU.ActiveCfg = Release|x86
		{91977614-CFD3-4C5C-99FD-6B6FDD7DB6D5}.Release|x86.ActiveCfg = Release|x86
		{91977614-CFD3-4C5C-99FD-6B6FDD7DB6D5}.Release|x86.Build.0 = Release|x86
		{3AB2A5F6-6A3A-49CE-A8E8-5A0C78E9916E}.Debug|Any CPU.ActiveCfg = Debug|x86
		{3AB2A5F6-6A3A-49CE-A8E8-5A0C78E9916E}.Debug|x86.ActiveCfg = Debug|x86
		{3AB2A5F6-6A3A-49CE-A8E8-5A0C78E9916E}.Debug|x86.Build.0 = Debug|x86
		{3AB2A5F6-6A3A-49CE-A8E8-5A0C78E9916E}.Release|Any CPU.ActiveCfg = Release|x86
		{3AB2A5F6-6A3A-49CE-A8E8-5A0C78E9916E}.Release|x86.ActiveCfg = Release|x86
		{3AB2A5F6-6A3A-49CE-A8E8-5A0C78E9916E}.Release|x86.Build.0 = Release|x86
		{9E821567-59E7-41DB-A91A-9155E2D765FA}.Debug|Any CPU.ActiveCfg = Debug|x86
		{9E821567-59E7-41DB-A91A-9155E2D765FA}.Debug|x86.ActiveCfg = Debug|x86
		{9E821567-59E7-41DB-A91A-9155E2D765FA}.Debug|x86.Build.0 = Debug|x86
		{9E821567-59E7-41DB-A91A-9155E2D765FA}.Release|Any CPU.ActiveCfg = Release|x86
		{9E821567-59E7-41DB-A91A-9155E2D765FA}.Release|x86.ActiveCfg = Release|x86
		{9E821567-59E7-41DB-A91A-9155E2D765FA}.Release|x86.Build.0 = Release|x86
		{9A36FC0F-1071-477C-99B7-E137D5DF8801}.Debug|Any CPU.ActiveCfg = Debug|Any CPU
		{9A36FC0F-1071-477C-99B7-E137D5DF8801}.Debug|Any CPU.Build.0 = Debug|Any CPU
		{9A36FC0F-1071-477C-99B7-E137D5DF8801}.Debug|x86.ActiveCfg = Debug|Any CPU
		{9A36FC0F-1071-477C-99B7-E137D5DF8801}.Debug|x86.Build.0 = Debug|Any CPU
		{9A36FC0F-1071-477C-99B7-E137D5DF8801}.Release|Any CPU.ActiveCfg = Release|Any CPU
		{9A36FC0F-1071-477C-99B7-E137D5DF8801}.Release|Any CPU.Build.0 = Release|Any CPU
		{9A36FC0F-1071-477C-99B7-E137D5DF8801}.Release|x86.ActiveCfg = Release|Any CPU
		{9A36FC0F-1071-477C-99B7-E137D5DF8801}.Release|x86.Build.0 = Release|Any CPU
		{528C8492-61BF-40A2-B890-EA2EBEF9CF6E}.Debug|Any CPU.ActiveCfg = Debug|Any CPU
		{528C8492-61BF-40A2-B890-EA2EBEF9CF6E}.Debug|Any CPU.Build.0 = Debug|Any CPU
		{528C8492-61BF-40A2-B890-EA2EBEF9CF6E}.Debug|x86.ActiveCfg = Debug|Any CPU
		{528C8492-61BF-40A2-B890-EA2EBEF9CF6E}.Debug|x86.Build.0 = Debug|Any CPU
		{528C8492-61BF-40A2-B890-EA2EBEF9CF6E}.Release|Any CPU.ActiveCfg = Release|Any CPU
		{528C8492-61BF-40A2-B890-EA2EBEF9CF6E}.Release|Any CPU.Build.0 = Release|Any CPU
		{528C8492-61BF-40A2-B890-EA2EBEF9CF6E}.Release|x86.ActiveCfg = Release|Any CPU
		{528C8492-61BF-40A2-B890-EA2EBEF9CF6E}.Release|x86.Build.0 = Release|Any CPU
	EndGlobalSection
	GlobalSection(SolutionProperties) = preSolution
		HideSolutionNode = FALSE
	EndGlobalSection
	GlobalSection(ExtensibilityGlobals) = postSolution
		SolutionGuid = {F3C7C2A2-539B-4776-91D2-A49C4DD3341C}
	EndGlobalSection
EndGlobal
